<?xml version="1.0" encoding="utf-8"?>
<Project ToolsVersion="4.0" xmlns="http://schemas.microsoft.com/developer/msbuild/2003">
  <ItemGroup>
    <Filter Include="Fichiers sources">
      <UniqueIdentifier>{4FC737F1-C7A5-4376-A066-2A32D752A2FF}</UniqueIdentifier>
      <Extensions>cpp;c;cc;cxx;c++;cppm;ixx;def;odl;idl;hpj;bat;asm;asmx</Extensions>
    </Filter>
    <Filter Include="Fichiers d%27en-tête">
      <UniqueIdentifier>{93995380-89BD-4b04-88EB-625FBE52EBFB}</UniqueIdentifier>
      <Extensions>h;hh;hpp;hxx;h++;hm;inl;inc;ipp;xsd</Extensions>
    </Filter>
    <Filter Include="Fichiers de ressources">
      <UniqueIdentifier>{67DA6AB6-F800-4c08-8B7A-83BB121AAD01}</UniqueIdentifier>
      <Extensions>rc;ico;cur;bmp;dlg;rc2;rct;bin;rgs;gif;jpg;jpeg;jpe;resx;tiff;tif;png;wav;mfcribbon-ms</Extensions>
    </Filter>
    <Filter Include="Fichiers d%27en-tête\Mappage">
      <UniqueIdentifier>{59411449-23b8-42e4-9b6b-0556d2c68252}</UniqueIdentifier>
    </Filter>
    <Filter Include="Fichiers d%27en-tête\Services">
      <UniqueIdentifier>{da62c317-9a22-484a-8777-6d0cd77684b5}</UniqueIdentifier>
    </Filter>
    <Filter Include="Fichiers sources\Mappage">
      <UniqueIdentifier>{14498148-3ba8-4970-9d11-2f4e4ed8d488}</UniqueIdentifier>
    </Filter>
    <Filter Include="Fichiers sources\Services">
      <UniqueIdentifier>{d5d4ea53-fb08-47a5-ad40-2c954f97f3a2}</UniqueIdentifier>
    </Filter>
    <Filter Include="Fichiers d%27en-tête\DatabaseConnect">
      <UniqueIdentifier>{59a56fef-0e65-4576-854c-1829d7d3b5d8}</UniqueIdentifier>
    </Filter>
    <Filter Include="Fichiers sources\DatabaseConnect">
      <UniqueIdentifier>{2451680c-6324-4f0b-ad72-768189eae944}</UniqueIdentifier>
    </Filter>
    <Filter Include="Fichiers d%27en-tête\Gui">
      <UniqueIdentifier>{72c26202-02d6-4427-a3df-e9c1fbe144ab}</UniqueIdentifier>
    </Filter>
  </ItemGroup>
  <ItemGroup>
    <ClInclude Include="MenuPrincipal.h">
      <Filter>Fichiers sources</Filter>
    </ClInclude>
    <ClInclude Include="GuiGestionPersonnel.h">
      <Filter>Fichiers sources</Filter>
    </ClInclude>
    <ClInclude Include="GuiGestionClients.h">
      <Filter>Fichiers sources</Filter>
    </ClInclude>
    <ClInclude Include="GuiCommandes.h">
      <Filter>Fichiers sources</Filter>
    </ClInclude>
    <ClInclude Include="GuiGestionStocks.h">
      <Filter>Fichiers sources</Filter>
    </ClInclude>
    <ClInclude Include="GuiStatistiques.h">
      <Filter>Fichiers sources</Filter>
    </ClInclude>
    <ClInclude Include="CLStaff.h">
      <Filter>Fichiers d%27en-tête\Mappage</Filter>
    </ClInclude>
    <ClInclude Include="StaffService.h">
      <Filter>Fichiers d%27en-tête\Services</Filter>
    </ClInclude>
    <ClInclude Include="LinkDB.h">
      <Filter>Fichiers d%27en-tête\DatabaseConnect</Filter>
    </ClInclude>
    <ClInclude Include="CLCustomer.h">
      <Filter>Fichiers d%27en-tête\Mappage</Filter>
    </ClInclude>
    <ClInclude Include="CustomerService.h">
      <Filter>Fichiers d%27en-tête\Services</Filter>
    </ClInclude>
    <ClInclude Include="CLAdress.h">
      <Filter>Fichiers d%27en-tête\Mappage</Filter>
    </ClInclude>
    <ClInclude Include="AdressService.h">
      <Filter>Fichiers d%27en-tête\Services</Filter>
    </ClInclude>
    <ClInclude Include="CLProduct.h">
      <Filter>Fichiers d%27en-tête\Mappage</Filter>
    </ClInclude>
    <ClInclude Include="ProductService.h">
      <Filter>Fichiers d%27en-tête\Services</Filter>
    </ClInclude>
    <ClInclude Include="CLOrders.h">
      <Filter>Fichiers d%27en-tête\Mappage</Filter>
    </ClInclude>
    <ClInclude Include="OrderService.h">
      <Filter>Fichiers d%27en-tête\Services</Filter>
    </ClInclude>
    <ClInclude Include="CLBill.h">
      <Filter>Fichiers d%27en-tête\Mappage</Filter>
    </ClInclude>
    <ClInclude Include="BillService.h">
      <Filter>Fichiers d%27en-tête\Services</Filter>
    </ClInclude>
    <ClInclude Include="CLHold.h">
      <Filter>Fichiers d%27en-tête\Mappage</Filter>
    </ClInclude>
    <ClInclude Include="HoldService.h">
      <Filter>Fichiers d%27en-tête\Services</Filter>
    </ClInclude>
    <ClInclude Include="GuiGestionPersonnelUpdate.h">
      <Filter>Fichiers sources</Filter>
    </ClInclude>
  </ItemGroup>
  <ItemGroup>
    <ClCompile Include="CLStaff.cpp">
      <Filter>Fichiers sources\Mappage</Filter>
    </ClCompile>
    <ClCompile Include="StaffService.cpp">
      <Filter>Fichiers sources\Services</Filter>
    </ClCompile>
    <ClCompile Include="LinkDB.cpp">
      <Filter>Fichiers sources\DatabaseConnect</Filter>
    </ClCompile>
    <ClCompile Include="MenuPrincipal.cpp">
      <Filter>Fichiers d%27en-tête\Gui</Filter>
    </ClCompile>
    <ClCompile Include="GuiStatistiques.cpp">
      <Filter>Fichiers d%27en-tête\Gui</Filter>
    </ClCompile>
    <ClCompile Include="GuiGestionStocks.cpp">
      <Filter>Fichiers d%27en-tête\Gui</Filter>
    </ClCompile>
    <ClCompile Include="GuiGestionPersonnel.cpp">
      <Filter>Fichiers d%27en-tête\Gui</Filter>
    </ClCompile>
    <ClCompile Include="GuiGestionClients.cpp">
      <Filter>Fichiers d%27en-tête\Gui</Filter>
    </ClCompile>
    <ClCompile Include="GuiCommandes.cpp">
      <Filter>Fichiers d%27en-tête\Gui</Filter>
    </ClCompile>
    <ClCompile Include="CLCustomer.cpp">
      <Filter>Fichiers sources\Mappage</Filter>
    </ClCompile>
    <ClCompile Include="CustomerService.cpp">
      <Filter>Fichiers sources\Services</Filter>
    </ClCompile>
    <ClCompile Include="CLAdress.cpp">
      <Filter>Fichiers sources\Mappage</Filter>
    </ClCompile>
    <ClCompile Include="AdressService.cpp">
      <Filter>Fichiers sources\Services</Filter>
    </ClCompile>
    <ClCompile Include="CLProduct.cpp">
      <Filter>Fichiers sources\Mappage</Filter>
    </ClCompile>
    <ClCompile Include="ProductService.cpp">
      <Filter>Fichiers sources\Services</Filter>
    </ClCompile>
    <ClCompile Include="CLOrders.cpp">
      <Filter>Fichiers sources\Mappage</Filter>
    </ClCompile>
    <ClCompile Include="OrderService.cpp">
      <Filter>Fichiers sources\Services</Filter>
    </ClCompile>
    <ClCompile Include="CLBill.cpp">
      <Filter>Fichiers sources\Mappage</Filter>
    </ClCompile>
    <ClCompile Include="BillService.cpp">
      <Filter>Fichiers sources\Services</Filter>
    </ClCompile>
    <ClCompile Include="CLHold.cpp">
      <Filter>Fichiers sources\Mappage</Filter>
    </ClCompile>
    <ClCompile Include="HoldService.cpp">
      <Filter>Fichiers sources\Services</Filter>
    </ClCompile>
    <ClCompile Include="GuiGestionPersonnelUpdate.cpp">
      <Filter>Fichiers d%27en-tête\Gui</Filter>
    </ClCompile>
  </ItemGroup>
</Project>